
Microsoft Visual Studio Solution File, Format Version 12.00
# Visual Studio Version 17
VisualStudioVersion = 17.2.32516.85
MinimumVisualStudioVersion = 10.0.40219.1
Project("{9A19103F-16F7-4668-BE54-9A1E7A4F7556}") = "DotCreative.Services.OpenReport.Tests", "DotCreative.Services.OpenReport.Tests\DotCreative.Services.OpenReport.Tests.csproj", "{4E238BE6-2934-4A4D-BD13-82E9B51AC81A}"
EndProject
Project("{9A19103F-16F7-4668-BE54-9A1E7A4F7556}") = "DotCreative.Services.OpenReport", "DotCreative.Services.OpenReport\DotCreative.Services.OpenReport.csproj", "{89F4ED07-E79D-4E16-B082-24B67B801829}"
EndProject
Global
	GlobalSection(SolutionConfigurationPlatforms) = preSolution
		Debug|Any CPU = Debug|Any CPU
		Release|Any CPU = Release|Any CPU
	EndGlobalSection
	GlobalSection(ProjectConfigurationPlatforms) = postSolution
		{4E238BE6-2934-4A4D-BD13-82E9B51AC81A}.Debug|Any CPU.ActiveCfg = Debug|Any CPU
		{4E238BE6-2934-4A4D-BD13-82E9B51AC81A}.Debug|Any CPU.Build.0 = Debug|Any CPU
		{4E238BE6-2934-4A4D-BD13-82E9B51AC81A}.Release|Any CPU.ActiveCfg = Release|Any CPU
		{4E238BE6-2934-4A4D-BD13-82E9B51AC81A}.Release|Any CPU.Build.0 = Release|Any CPU
		{89F4ED07-E79D-4E16-B082-24B67B801829}.Debug|Any CPU.ActiveCfg = Debug|Any CPU
		{89F4ED07-E79D-4E16-B082-24B67B801829}.Debug|Any CPU.Build.0 = Debug|Any CPU
		{89F4ED07-E79D-4E16-B082-24B67B801829}.Release|Any CPU.ActiveCfg = Release|Any CPU
		{89F4ED07-E79D-4E16-B082-24B67B801829}.Release|Any CPU.Build.0 = Release|Any CPU
	EndGlobalSection
	GlobalSection(SolutionProperties) = preSolution
		HideSolutionNode = FALSE
	EndGlobalSection
	GlobalSection(ExtensibilityGlobals) = postSolution
		SolutionGuid = {57D9499F-04CA-4203-A07E-F028F9FA4BC0}
	EndGlobalSection
EndGlobal
